
Microsoft Visual Studio Solution File, Format Version 12.00
# Visual Studio Version 17
VisualStudioVersion = 17.3.32929.385
MinimumVisualStudioVersion = 10.0.40219.1
Project("{FAE04EC0-301F-11D3-BF4B-00C04F79EFBC}") = "P1-loginpage", "P1-loginpage\P1-loginpage.csproj", "{CA1B262E-E876-405C-BA1A-8884BD2946B7}"
EndProject
Global
	GlobalSection(SolutionConfigurationPlatforms) = preSolution
		Debug|Any CPU = Debug|Any CPU
		Release|Any CPU = Release|Any CPU
	EndGlobalSection
	GlobalSection(ProjectConfigurationPlatforms) = postSolution
		{CA1B262E-E876-405C-BA1A-8884BD2946B7}.Debug|Any CPU.ActiveCfg = Debug|Any CPU
		{CA1B262E-E876-405C-BA1A-8884BD2946B7}.Debug|Any CPU.Build.0 = Debug|Any CPU
		{CA1B262E-E876-405C-BA1A-8884BD2946B7}.Release|Any CPU.ActiveCfg = Release|Any CPU
		{CA1B262E-E876-405C-BA1A-8884BD2946B7}.Release|Any CPU.Build.0 = Release|Any CPU
	EndGlobalSection
	GlobalSection(SolutionProperties) = preSolution
		HideSolutionNode = FALSE
	EndGlobalSection
	GlobalSection(ExtensibilityGlobals) = postSolution
		SolutionGuid = {80E98D55-5425-4A02-B6F5-5652BB3A56E9}
	EndGlobalSection
EndGlobal
